
Microsoft Visual Studio Solution File, Format Version 12.00
# Visual Studio Version 16
VisualStudioVersion = 16.0.30907.101
MinimumVisualStudioVersion = 10.0.40219.1
Project("{9A19103F-16F7-4668-BE54-9A1E7A4F7556}") = "Entities", "Entities\Entities.csproj", "{FAE13FD1-7347-433B-BFA0-64F2168E5D11}"
EndProject
Project("{9A19103F-16F7-4668-BE54-9A1E7A4F7556}") = "DataAccess", "DataAccess\DataAccess.csproj", "{1EFD3A89-50E5-4710-86EA-A8E56B487D31}"
EndProject
Project("{9A19103F-16F7-4668-BE54-9A1E7A4F7556}") = "Business", "Business\Business.csproj", "{4F7D573E-D025-406B-B588-8661A98B37EE}"
EndProject
Project("{9A19103F-16F7-4668-BE54-9A1E7A4F7556}") = "ConsoleUI", "ConsoleUI\ConsoleUI.csproj", "{6EC34F4C-EA80-42D6-B660-C638DA96A27A}"
EndProject
Project("{9A19103F-16F7-4668-BE54-9A1E7A4F7556}") = "Core", "Core\Core.csproj", "{1D3CBF9E-FAA4-41CB-8B60-1E7D728095F5}"
EndProject
Project("{9A19103F-16F7-4668-BE54-9A1E7A4F7556}") = "WebAPI", "WebAPI\WebAPI.csproj", "{1B5D0B91-0464-42C8-BC89-21C5F28EAD58}"
EndProject
Global
	GlobalSection(SolutionConfigurationPlatforms) = preSolution
		Debug|Any CPU = Debug|Any CPU
		Release|Any CPU = Release|Any CPU
	EndGlobalSection
	GlobalSection(ProjectConfigurationPlatforms) = postSolution
		{FAE13FD1-7347-433B-BFA0-64F2168E5D11}.Debug|Any CPU.ActiveCfg = Debug|Any CPU
		{FAE13FD1-7347-433B-BFA0-64F2168E5D11}.Debug|Any CPU.Build.0 = Debug|Any CPU
		{FAE13FD1-7347-433B-BFA0-64F2168E5D11}.Release|Any CPU.ActiveCfg = Release|Any CPU
		{FAE13FD1-7347-433B-BFA0-64F2168E5D11}.Release|Any CPU.Build.0 = Release|Any CPU
		{1EFD3A89-50E5-4710-86EA-A8E56B487D31}.Debug|Any CPU.ActiveCfg = Debug|Any CPU
		{1EFD3A89-50E5-4710-86EA-A8E56B487D31}.Debug|Any CPU.Build.0 = Debug|Any CPU
		{1EFD3A89-50E5-4710-86EA-A8E56B487D31}.Release|Any CPU.ActiveCfg = Release|Any CPU
		{1EFD3A89-50E5-4710-86EA-A8E56B487D31}.Release|Any CPU.Build.0 = Release|Any CPU
		{4F7D573E-D025-406B-B588-8661A98B37EE}.Debug|Any CPU.ActiveCfg = Debug|Any CPU
		{4F7D573E-D025-406B-B588-8661A98B37EE}.Debug|Any CPU.Build.0 = Debug|Any CPU
		{4F7D573E-D025-406B-B588-8661A98B37EE}.Release|Any CPU.ActiveCfg = Release|Any CPU
		{4F7D573E-D025-406B-B588-8661A98B37EE}.Release|Any CPU.Build.0 = Release|Any CPU
		{6EC34F4C-EA80-42D6-B660-C638DA96A27A}.Debug|Any CPU.ActiveCfg = Debug|Any CPU
		{6EC34F4C-EA80-42D6-B660-C638DA96A27A}.Debug|Any CPU.Build.0 = Debug|Any CPU
		{6EC34F4C-EA80-42D6-B660-C638DA96A27A}.Release|Any CPU.ActiveCfg = Release|Any CPU
		{6EC34F4C-EA80-42D6-B660-C638DA96A27A}.Release|Any CPU.Build.0 = Release|Any CPU
		{1D3CBF9E-FAA4-41CB-8B60-1E7D728095F5}.Debug|Any CPU.ActiveCfg = Debug|Any CPU
		{1D3CBF9E-FAA4-41CB-8B60-1E7D728095F5}.Debug|Any CPU.Build.0 = Debug|Any CPU
		{1D3CBF9E-FAA4-41CB-8B60-1E7D728095F5}.Release|Any CPU.ActiveCfg = Release|Any CPU
		{1D3CBF9E-FAA4-41CB-8B60-1E7D728095F5}.Release|Any CPU.Build.0 = Release|Any CPU
		{1B5D0B91-0464-42C8-BC89-21C5F28EAD58}.Debug|Any CPU.ActiveCfg = Debug|Any CPU
		{1B5D0B91-0464-42C8-BC89-21C5F28EAD58}.Debug|Any CPU.Build.0 = Debug|Any CPU
		{1B5D0B91-0464-42C8-BC89-21C5F28EAD58}.Release|Any CPU.ActiveCfg = Release|Any CPU
		{1B5D0B91-0464-42C8-BC89-21C5F28EAD58}.Release|Any CPU.Build.0 = Release|Any CPU
	EndGlobalSection
	GlobalSection(SolutionProperties) = preSolution
		HideSolutionNode = FALSE
	EndGlobalSection
	GlobalSection(ExtensibilityGlobals) = postSolution
		SolutionGuid = {EB21E8D9-6A52-4B83-9F10-D972C7C17B4A}
	EndGlobalSection
EndGlobal
